// !$*UTF8*$!
{
	archiveVersion = 1;
	classes = {
	};
	objectVersion = 46;
	objects = {

/* Begin PBXBuildFile section */
		53706C001B7D3DC90042FF39 /* AppDelegate.swift in Sources */ = {isa = PBXBuildFile; fileRef = 53706BFF1B7D3DC90042FF39 /* AppDelegate.swift */; };
		53706C031B7D3DC90042FF39 /* Flash_Time.xcdatamodeld in Sources */ = {isa = PBXBuildFile; fileRef = 53706C011B7D3DC90042FF39 /* Flash_Time.xcdatamodeld */; };
		53706C051B7D3DC90042FF39 /* ViewController.swift in Sources */ = {isa = PBXBuildFile; fileRef = 53706C041B7D3DC90042FF39 /* ViewController.swift */; };
		53706C081B7D3DC90042FF39 /* Main.storyboard in Resources */ = {isa = PBXBuildFile; fileRef = 53706C061B7D3DC90042FF39 /* Main.storyboard */; };
		53706C0A1B7D3DC90042FF39 /* Images.xcassets in Resources */ = {isa = PBXBuildFile; fileRef = 53706C091B7D3DC90042FF39 /* Images.xcassets */; };
		53706C0D1B7D3DC90042FF39 /* LaunchScreen.xib in Resources */ = {isa = PBXBuildFile; fileRef = 53706C0B1B7D3DC90042FF39 /* LaunchScreen.xib */; };
		53706C191B7D3DC90042FF39 /* Flash_TimeTests.swift in Sources */ = {isa = PBXBuildFile; fileRef = 53706C181B7D3DC90042FF39 /* Flash_TimeTests.swift */; };
		53706C331B7D80AC0042FF39 /* Card.swift in Sources */ = {isa = PBXBuildFile; fileRef = 53706C321B7D80AC0042FF39 /* Card.swift */; };
		53706C351B7D80AD0042FF39 /* Configuration.swift in Sources */ = {isa = PBXBuildFile; fileRef = 53706C341B7D80AD0042FF39 /* Configuration.swift */; };
		53706C371B7D80AD0042FF39 /* Answer.swift in Sources */ = {isa = PBXBuildFile; fileRef = 53706C361B7D80AD0042FF39 /* Answer.swift */; };
/* End PBXBuildFile section */

/* Begin PBXContainerItemProxy section */
		53706C131B7D3DC90042FF39 /* PBXContainerItemProxy */ = {
			isa = PBXContainerItemProxy;
			containerPortal = 53706BF21B7D3DC90042FF39 /* Project object */;
			proxyType = 1;
			remoteGlobalIDString = 53706BF91B7D3DC90042FF39;
			remoteInfo = "Flash Time";
		};
/* End PBXContainerItemProxy section */

/* Begin PBXFileReference section */
		53706BFA1B7D3DC90042FF39 /* Flash Time.app */ = {isa = PBXFileReference; explicitFileType = wrapper.application; includeInIndex = 0; path = "Flash Time.app"; sourceTree = BUILT_PRODUCTS_DIR; };
		53706BFE1B7D3DC90042FF39 /* Info.plist */ = {isa = PBXFileReference; lastKnownFileType = text.plist.xml; path = Info.plist; sourceTree = "<group>"; };
		53706BFF1B7D3DC90042FF39 /* AppDelegate.swift */ = {isa = PBXFileReference; lastKnownFileType = sourcecode.swift; path = AppDelegate.swift; sourceTree = "<group>"; };
		53706C021B7D3DC90042FF39 /* Flash_Time.xcdatamodel */ = {isa = PBXFileReference; lastKnownFileType = wrapper.xcdatamodel; path = Flash_Time.xcdatamodel; sourceTree = "<group>"; };
		53706C041B7D3DC90042FF39 /* ViewController.swift */ = {isa = PBXFileReference; lastKnownFileType = sourcecode.swift; path = ViewController.swift; sourceTree = "<group>"; };
		53706C071B7D3DC90042FF39 /* Base */ = {isa = PBXFileReference; lastKnownFileType = file.storyboard; name = Base; path = Base.lproj/Main.storyboard; sourceTree = "<group>"; };
		53706C091B7D3DC90042FF39 /* Images.xcassets */ = {isa = PBXFileReference; lastKnownFileType = folder.assetcatalog; path = Images.xcassets; sourceTree = "<group>"; };
		53706C0C1B7D3DC90042FF39 /* Base */ = {isa = PBXFileReference; lastKnownFileType = file.xib; name = Base; path = Base.lproj/LaunchScreen.xib; sourceTree = "<group>"; };
		53706C121B7D3DC90042FF39 /* Flash TimeTests.xctest */ = {isa = PBXFileReference; explicitFileType = wrapper.cfbundle; includeInIndex = 0; path = "Flash TimeTests.xctest"; sourceTree = BUILT_PRODUCTS_DIR; };
		53706C171B7D3DC90042FF39 /* Info.plist */ = {isa = PBXFileReference; lastKnownFileType = text.plist.xml; path = Info.plist; sourceTree = "<group>"; };
		53706C181B7D3DC90042FF39 /* Flash_TimeTests.swift */ = {isa = PBXFileReference; lastKnownFileType = sourcecode.swift; path = Flash_TimeTests.swift; sourceTree = "<group>"; };
		53706C321B7D80AC0042FF39 /* Card.swift */ = {isa = PBXFileReference; fileEncoding = 4; lastKnownFileType = sourcecode.swift; path = Card.swift; sourceTree = "<group>"; };
		53706C341B7D80AD0042FF39 /* Configuration.swift */ = {isa = PBXFileReference; fileEncoding = 4; lastKnownFileType = sourcecode.swift; path = Configuration.swift; sourceTree = "<group>"; };
		53706C361B7D80AD0042FF39 /* Answer.swift */ = {isa = PBXFileReference; fileEncoding = 4; lastKnownFileType = sourcecode.swift; path = Answer.swift; sourceTree = "<group>"; };
/* End PBXFileReference section */

/* Begin PBXFrameworksBuildPhase section */
		53706BF71B7D3DC90042FF39 /* Frameworks */ = {
			isa = PBXFrameworksBuildPhase;
			buildActionMask = 2147483647;
			files = (
			);
			runOnlyForDeploymentPostprocessing = 0;
		};
		53706C0F1B7D3DC90042FF39 /* Frameworks */ = {
			isa = PBXFrameworksBuildPhase;
			buildActionMask = 2147483647;
			files = (
			);
			runOnlyForDeploymentPostprocessing = 0;
		};
/* End PBXFrameworksBuildPhase section */

/* Begin PBXGroup section */
		53706BF11B7D3DC90042FF39 = {
			isa = PBXGroup;
			children = (
				53706BFC1B7D3DC90042FF39 /* Flash Time */,
				53706C151B7D3DC90042FF39 /* Flash TimeTests */,
				53706BFB1B7D3DC90042FF39 /* Products */,
			);
			sourceTree = "<group>";
		};
		53706BFB1B7D3DC90042FF39 /* Products */ = {
			isa = PBXGroup;
			children = (
				53706BFA1B7D3DC90042FF39 /* Flash Time.app */,
				53706C121B7D3DC90042FF39 /* Flash TimeTests.xctest */,
			);
			name = Products;
			sourceTree = "<group>";
		};
		53706BFC1B7D3DC90042FF39 /* Flash Time */ = {
			isa = PBXGroup;
			children = (
				53706BFF1B7D3DC90042FF39 /* AppDelegate.swift */,
				53706C041B7D3DC90042FF39 /* ViewController.swift */,
				53706C361B7D80AD0042FF39 /* Answer.swift */,
				53706C341B7D80AD0042FF39 /* Configuration.swift */,
				53706C321B7D80AC0042FF39 /* Card.swift */,
				53706C061B7D3DC90042FF39 /* Main.storyboard */,
				53706C091B7D3DC90042FF39 /* Images.xcassets */,
				53706C0B1B7D3DC90042FF39 /* LaunchScreen.xib */,
				53706C011B7D3DC90042FF39 /* Flash_Time.xcdatamodeld */,
				53706BFD1B7D3DC90042FF39 /* Supporting Files */,
			);
			path = "Flash Time";
			sourceTree = "<group>";
		};
		53706BFD1B7D3DC90042FF39 /* Supporting Files */ = {
			isa = PBXGroup;
			children = (
				53706BFE1B7D3DC90042FF39 /* Info.plist */,
			);
			name = "Supporting Files";
			sourceTree = "<group>";
		};
		53706C151B7D3DC90042FF39 /* Flash TimeTests */ = {
			isa = PBXGroup;
			children = (
				53706C181B7D3DC90042FF39 /* Flash_TimeTests.swift */,
				53706C161B7D3DC90042FF39 /* Supporting Files */,
			);
			path = "Flash TimeTests";
			sourceTree = "<group>";
		};
		53706C161B7D3DC90042FF39 /* Supporting Files */ = {
			isa = PBXGroup;
			children = (
				53706C171B7D3DC90042FF39 /* Info.plist */,
			);
			name = "Supporting Files";
			sourceTree = "<group>";
		};
/* End PBXGroup section */

/* Begin PBXNativeTarget section */
		53706BF91B7D3DC90042FF39 /* Flash Time */ = {
			isa = PBXNativeTarget;
			buildConfigurationList = 53706C1C1B7D3DC90042FF39 /* Build configuration list for PBXNativeTarget "Flash Time" */;
			buildPhases = (
				53706BF61B7D3DC90042FF39 /* Sources */,
				53706BF71B7D3DC90042FF39 /* Frameworks */,
				53706BF81B7D3DC90042FF39 /* Resources */,
			);
			buildRules = (
			);
			dependencies = (
			);
			name = "Flash Time";
			productName = "Flash Time";
			productReference = 53706BFA1B7D3DC90042FF39 /* Flash Time.app */;
			productType = "com.apple.product-type.application";
		};
		53706C111B7D3DC90042FF39 /* Flash TimeTests */ = {
			isa = PBXNativeTarget;
			buildConfigurationList = 53706C1F1B7D3DC90042FF39 /* Build configuration list for PBXNativeTarget "Flash TimeTests" */;
			buildPhases = (
				53706C0E1B7D3DC90042FF39 /* Sources */,
				53706C0F1B7D3DC90042FF39 /* Frameworks */,
				53706C101B7D3DC90042FF39 /* Resources */,
			);
			buildRules = (
			);
			dependencies = (
				53706C141B7D3DC90042FF39 /* PBXTargetDependency */,
			);
			name = "Flash TimeTests";
			productName = "Flash TimeTests";
			productReference = 53706C121B7D3DC90042FF39 /* Flash TimeTests.xctest */;
			productType = "com.apple.product-type.bundle.unit-test";
		};
/* End PBXNativeTarget section */

/* Begin PBXProject section */
		53706BF21B7D3DC90042FF39 /* Project object */ = {
			isa = PBXProject;
			attributes = {
				LastUpgradeCheck = 0640;
				ORGANIZATIONNAME = "SelfEdge Software";
				TargetAttributes = {
					53706BF91B7D3DC90042FF39 = {
						CreatedOnToolsVersion = 6.4;
					};
					53706C111B7D3DC90042FF39 = {
						CreatedOnToolsVersion = 6.4;
						TestTargetID = 53706BF91B7D3DC90042FF39;
					};
				};
			};
			buildConfigurationList = 53706BF51B7D3DC90042FF39 /* Build configuration list for PBXProject "Flash Time" */;
			compatibilityVersion = "Xcode 3.2";
			developmentRegion = English;
			hasScannedForEncodings = 0;
			knownRegions = (
				en,
				Base,
			);
			mainGroup = 53706BF11B7D3DC90042FF39;
			productRefGroup = 53706BFB1B7D3DC90042FF39 /* Products */;
			projectDirPath = "";
			projectRoot = "";
			targets = (
				53706BF91B7D3DC90042FF39 /* Flash Time */,
				53706C111B7D3DC90042FF39 /* Flash TimeTests */,
			);
		};
/* End PBXProject section */

/* Begin PBXResourcesBuildPhase section */
		53706BF81B7D3DC90042FF39 /* Resources */ = {
			isa = PBXResourcesBuildPhase;
			buildActionMask = 2147483647;
			files = (
				53706C081B7D3DC90042FF39 /* Main.storyboard in Resources */,
				53706C0D1B7D3DC90042FF39 /* LaunchScreen.xib in Resources */,
				53706C0A1B7D3DC90042FF39 /* Images.xcassets in Resources */,
			);
			runOnlyForDeploymentPostprocessing = 0;
		};
		53706C101B7D3DC90042FF39 /* Resources */ = {
			isa = PBXResourcesBuildPhase;
			buildActionMask = 2147483647;
			files = (
			);
			runOnlyForDeploymentPostprocessing = 0;
		};
/* End PBXResourcesBuildPhase section */

/* Begin PBXSourcesBuildPhase section */
		53706BF61B7D3DC90042FF39 /* Sources */ = {
			isa = PBXSourcesBuildPhase;
			buildActionMask = 2147483647;
			files = (
				53706C051B7D3DC90042FF39 /* ViewController.swift in Sources */,
				53706C351B7D80AD0042FF39 /* Configuration.swift in Sources */,
				53706C001B7D3DC90042FF39 /* AppDelegate.swift in Sources */,
				53706C371B7D80AD0042FF39 /* Answer.swift in Sources */,
				53706C031B7D3DC90042FF39 /* Flash_Time.xcdatamodeld in Sources */,
				53706C331B7D80AC0042FF39 /* Card.swift in Sources */,
			);
			runOnlyForDeploymentPostprocessing = 0;
		};
		53706C0E1B7D3DC90042FF39 /* Sources */ = {
			isa = PBXSourcesBuildPhase;
			buildActionMask = 2147483647;
			files = (
				53706C191B7D3DC90042FF39 /* Flash_TimeTests.swift in Sources */,
			);
			runOnlyForDeploymentPostprocessing = 0;
		};
/* End PBXSourcesBuildPhase section */

/* Begin PBXTargetDependency section */
		53706C141B7D3DC90042FF39 /* PBXTargetDependency */ = {
			isa = PBXTargetDependency;
			target = 53706BF91B7D3DC90042FF39 /* Flash Time */;
			targetProxy = 53706C131B7D3DC90042FF39 /* PBXContainerItemProxy */;
		};
/* End PBXTargetDependency section */

/* Begin PBXVariantGroup section */
		53706C061B7D3DC90042FF39 /* Main.storyboard */ = {
			isa = PBXVariantGroup;
			children = (
				53706C071B7D3DC90042FF39 /* Base */,
			);
			name = Main.storyboard;
			sourceTree = "<group>";
		};
		53706C0B1B7D3DC90042FF39 /* LaunchScreen.xib */ = {
			isa = PBXVariantGroup;
			children = (
				53706C0C1B7D3DC90042FF39 /* Base */,
			);
			name = LaunchScreen.xib;
			sourceTree = "<group>";
		};
/* End PBXVariantGroup section */

/* Begin XCBuildConfiguration section */
		53706C1A1B7D3DC90042FF39 /* Debug */ = {
			isa = XCBuildConfiguration;
			buildSettings = {
				ALWAYS_SEARCH_USER_PATHS = NO;
				CLANG_CXX_LANGUAGE_STANDARD = "gnu++0x";
				CLANG_CXX_LIBRARY = "libc++";
				CLANG_ENABLE_MODULES = YES;
				CLANG_ENABLE_OBJC_ARC = YES;
				CLANG_WARN_BOOL_CONVERSION = YES;
				CLANG_WARN_CONSTANT_CONVERSION = YES;
				CLANG_WARN_DIRECT_OBJC_ISA_USAGE = YES_ERROR;
				CLANG_WARN_EMPTY_BODY = YES;
				CLANG_WARN_ENUM_CONVERSION = YES;
				CLANG_WARN_INT_CONVERSION = YES;
				CLANG_WARN_OBJC_ROOT_CLASS = YES_ERROR;
				CLANG_WARN_UNREACHABLE_CODE = YES;
				CLANG_WARN__DUPLICATE_METHOD_MATCH = YES;
				"CODE_SIGN_IDENTITY[sdk=iphoneos*]" = "iPhone Developer";
				COPY_PHASE_STRIP = NO;
				DEBUG_INFORMATION_FORMAT = "dwarf-with-dsym";
				ENABLE_STRICT_OBJC_MSGSEND = YES;
				GCC_C_LANGUAGE_STANDARD = gnu99;
				GCC_DYNAMIC_NO_PIC = NO;
				GCC_NO_COMMON_BLOCKS = YES;
				GCC_OPTIMIZATION_LEVEL = 0;
				GCC_PREPROCESSOR_DEFINITIONS = (
					"DEBUG=1",
					"$(inherited)",
				);
				GCC_SYMBOLS_PRIVATE_EXTERN = NO;
				GCC_WARN_64_TO_32_BIT_CONVERSION = YES;
				GCC_WARN_ABOUT_RETURN_TYPE = YES_ERROR;
				GCC_WARN_UNDECLARED_SELECTOR = YES;
				GCC_WARN_UNINITIALIZED_AUTOS = YES_AGGRESSIVE;
				GCC_WARN_UNUSED_FUNCTION = YES;
				GCC_WARN_UNUSED_VARIABLE = YES;
				IPHONEOS_DEPLOYMENT_TARGET = 8.4;
				MTL_ENABLE_DEBUG_INFO = YES;
				ONLY_ACTIVE_ARCH = YES;
				SDKROOT = iphoneos;
				SWIFT_OPTIMIZATION_LEVEL = "-Onone";
				TARGETED_DEVICE_FAMILY = "1,2";
			};
			name = Debug;
		};
		53706C1B1B7D3DC90042FF39 /* Release */ = {
			isa = XCBuildConfiguration;
			buildSettings = {
				ALWAYS_SEARCH_USER_PATHS = NO;
				CLANG_CXX_LANGUAGE_STANDARD = "gnu++0x";
				CLANG_CXX_LIBRARY = "libc++";
				CLANG_ENABLE_MODULES = YES;
				CLANG_ENABLE_OBJC_ARC = YES;
				CLANG_WARN_BOOL_CONVERSION = YES;
				CLANG_WARN_CONSTANT_CONVERSION = YES;
				CLANG_WARN_DIRECT_OBJC_ISA_USAGE = YES_ERROR;
				CLANG_WARN_EMPTY_BODY = YES;
				CLANG_WARN_ENUM_CONVERSION = YES;
				CLANG_WARN_INT_CONVERSION = YES;
				CLANG_WARN_OBJC_ROOT_CLASS = YES_ERROR;
				CLANG_WARN_UNREACHABLE_CODE = YES;
				CLANG_WARN__DUPLICATE_METHOD_MATCH = YES;
				"CODE_SIGN_IDENTITY[sdk=iphoneos*]" = "iPhone Developer";
				COPY_PHASE_STRIP = NO;
				DEBUG_INFORMATION_FORMAT = "dwarf-with-dsym";
				ENABLE_NS_ASSERTIONS = NO;
				ENABLE_STRICT_OBJC_MSGSEND = YES;
				GCC_C_LANGUAGE_STANDARD = gnu99;
				GCC_NO_COMMON_BLOCKS = YES;
				GCC_WARN_64_TO_32_BIT_CONVERSION = YES;
				GCC_WARN_ABOUT_RETURN_TYPE = YES_ERROR;
				GCC_WARN_UNDECLARED_SELECTOR = YES;
				GCC_WARN_UNINITIALIZED_AUTOS = YES_AGGRESSIVE;
				GCC_WARN_UNUSED_FUNCTION = YES;
				GCC_WARN_UNUSED_VARIABLE = YES;
				IPHONEOS_DEPLOYMENT_TARGET = 8.4;
				MTL_ENABLE_DEBUG_INFO = NO;
				SDKROOT = iphoneos;
				TARGETED_DEVICE_FAMILY = "1,2";
				VALIDATE_PRODUCT = YES;
			};
			name = Release;
		};
		53706C1D1B7D3DC90042FF39 /* Debug */ = {
			isa = XCBuildConfiguration;
			buildSettings = {
				ASSETCATALOG_COMPILER_APPICON_NAME = AppIcon;
				INFOPLIST_FILE = "Flash Time/Info.plist";
				LD_RUNPATH_SEARCH_PATHS = "$(inherited) @executable_path/Frameworks";
				PRODUCT_NAME = "$(TARGET_NAME)";
			};
			name = Debug;
		};
		53706C1E1B7D3DC90042FF39 /* Release */ = {
			isa = XCBuildConfiguration;
			buildSettings = {
				ASSETCATALOG_COMPILER_APPICON_NAME = AppIcon;
				INFOPLIST_FILE = "Flash Time/Info.plist";
				LD_RUNPATH_SEARCH_PATHS = "$(inherited) @executable_path/Frameworks";
				PRODUCT_NAME = "$(TARGET_NAME)";
			};
			name = Release;
		};
		53706C201B7D3DC90042FF39 /* Debug */ = {
			isa = XCBuildConfiguration;
			buildSettings = {
				BUNDLE_LOADER = "$(TEST_HOST)";
				FRAMEWORK_SEARCH_PATHS = (
					"$(SDKROOT)/Developer/Library/Frameworks",
					"$(inherited)",
				);
				GCC_PREPROCESSOR_DEFINITIONS = (
					"DEBUG=1",
					"$(inherited)",
				);
				INFOPLIST_FILE = "Flash TimeTests/Info.plist";
				LD_RUNPATH_SEARCH_PATHS = "$(inherited) @executable_path/Frameworks @loader_path/Frameworks";
				PRODUCT_NAME = "$(TARGET_NAME)";
				TEST_HOST = "$(BUILT_PRODUCTS_DIR)/Flash Time.app/Flash Time";
			};
			name = Debug;
		};
		53706C211B7D3DC90042FF39 /* Release */ = {
			isa = XCBuildConfiguration;
			buildSettings = {
				BUNDLE_LOADER = "$(TEST_HOST)";
				FRAMEWORK_SEARCH_PATHS = (
					"$(SDKROOT)/Developer/Library/Frameworks",
					"$(inherited)",
				);
				INFOPLIST_FILE = "Flash TimeTests/Info.plist";
				LD_RUNPATH_SEARCH_PATHS = "$(inherited) @executable_path/Frameworks @loader_path/Frameworks";
				PRODUCT_NAME = "$(TARGET_NAME)";
				TEST_HOST = "$(BUILT_PRODUCTS_DIR)/Flash Time.app/Flash Time";
			};
			name = Release;
		};
/* End XCBuildConfiguration section */

/* Begin XCConfigurationList section */
		53706BF51B7D3DC90042FF39 /* Build configuration list for PBXProject "Flash Time" */ = {
			isa = XCConfigurationList;
			buildConfigurations = (
				53706C1A1B7D3DC90042FF39 /* Debug */,
				53706C1B1B7D3DC90042FF39 /* Release */,
			);
			defaultConfigurationIsVisible = 0;
			defaultConfigurationName = Release;
		};
		53706C1C1B7D3DC90042FF39 /* Build configuration list for PBXNativeTarget "Flash Time" */ = {
			isa = XCConfigurationList;
			buildConfigurations = (
				53706C1D1B7D3DC90042FF39 /* Debug */,
				53706C1E1B7D3DC90042FF39 /* Release */,
			);
			defaultConfigurationIsVisible = 0;
		};
		53706C1F1B7D3DC90042FF39 /* Build configuration list for PBXNativeTarget "Flash TimeTests" */ = {
			isa = XCConfigurationList;
			buildConfigurations = (
				53706C201B7D3DC90042FF39 /* Debug */,
				53706C211B7D3DC90042FF39 /* Release */,
			);
			defaultConfigurationIsVisible = 0;
		};
/* End XCConfigurationList section */

/* Begin XCVersionGroup section */
		53706C011B7D3DC90042FF39 /* Flash_Time.xcdatamodeld */ = {
			isa = XCVersionGroup;
			children = (
				53706C021B7D3DC90042FF39 /* Flash_Time.xcdatamodel */,
			);
			currentVersion = 53706C021B7D3DC90042FF39 /* Flash_Time.xcdatamodel */;
			path = Flash_Time.xcdatamodeld;
			sourceTree = "<group>";
			versionGroupType = wrapper.xcdatamodel;
		};
/* End XCVersionGroup section */
	};
	rootObject = 53706BF21B7D3DC90042FF39 /* Project object */;
}
